
Microsoft Visual Studio Solution File, Format Version 12.00
# Visual Studio 15
Project("{FAE04EC0-301F-11D3-BF4B-00C04F79EFBC}") = "StarkInfra", "StarkInfra\StarkInfra.csproj", "{E110FC97-8F98-4F81-99CD-707DBE1984CD}"
EndProject
Project("{FAE04EC0-301F-11D3-BF4B-00C04F79EFBC}") = "StarkInfraTests", "StarkInfraTests\StarkInfraTests.csproj", "{AD89620E-3FA2-4572-A128-F6093411C7C1}"
EndProject
Project("{2150E333-8FDC-42A3-9474-1A3956D46DE8}") = "Solution Items", "Solution Items", "{8A173E15-361B-48A7-A13C-49EE2D78127A}"
EndProject
Global
	GlobalSection(SolutionConfigurationPlatforms) = preSolution
		Debug|Any CPU = Debug|Any CPU
		Release|Any CPU = Release|Any CPU
	EndGlobalSection
	GlobalSection(ProjectConfigurationPlatforms) = postSolution
		{E110FC97-8F98-4F81-99CD-707DBE1984CD}.Debug|Any CPU.ActiveCfg = Debug|Any CPU
		{E110FC97-8F98-4F81-99CD-707DBE1984CD}.Debug|Any CPU.Build.0 = Debug|Any CPU
		{E110FC97-8F98-4F81-99CD-707DBE1984CD}.Release|Any CPU.ActiveCfg = Release|Any CPU
		{E110FC97-8F98-4F81-99CD-707DBE1984CD}.Release|Any CPU.Build.0 = Release|Any CPU
		{AD89620E-3FA2-4572-A128-F6093411C7C1}.Debug|Any CPU.ActiveCfg = Debug|Any CPU
		{AD89620E-3FA2-4572-A128-F6093411C7C1}.Debug|Any CPU.Build.0 = Debug|Any CPU
		{AD89620E-3FA2-4572-A128-F6093411C7C1}.Release|Any CPU.ActiveCfg = Release|Any CPU
		{AD89620E-3FA2-4572-A128-F6093411C7C1}.Release|Any CPU.Build.0 = Release|Any CPU
	EndGlobalSection
	GlobalSection(MonoDevelopProperties) = preSolution
		Policies = $0
		$0.DotNetNamingPolicy = $1
		$1.DirectoryNamespaceAssociation = PrefixedHierarchical
		$0.StandardHeader = $2
		$0.VersionControlPolicy = $3
		description = SDK to facilitate .NET integrations with Stark Infra
		version = 0.3.0
	EndGlobalSection
EndGlobal
